// !$*UTF8*$!
{
	archiveVersion = 1;
	classes = {
	};
	objectVersion = 46;
	objects = {

/* Begin PBXBuildFile section */
		B71F53A01B1E4B10006223A9 /* AppDelegate.swift in Sources */ = {isa = PBXBuildFile; fileRef = B71F539F1B1E4B10006223A9 /* AppDelegate.swift */; };
		B71F53A21B1E4B10006223A9 /* ViewController.swift in Sources */ = {isa = PBXBuildFile; fileRef = B71F53A11B1E4B10006223A9 /* ViewController.swift */; };
		B71F53A51B1E4B10006223A9 /* Main.storyboard in Resources */ = {isa = PBXBuildFile; fileRef = B71F53A31B1E4B10006223A9 /* Main.storyboard */; };
		B71F53A71B1E4B10006223A9 /* Images.xcassets in Resources */ = {isa = PBXBuildFile; fileRef = B71F53A61B1E4B10006223A9 /* Images.xcassets */; };
		B71F53AA1B1E4B10006223A9 /* LaunchScreen.xib in Resources */ = {isa = PBXBuildFile; fileRef = B71F53A81B1E4B10006223A9 /* LaunchScreen.xib */; };
		B71F53B61B1E4B10006223A9 /* MYTTests.swift in Sources */ = {isa = PBXBuildFile; fileRef = B71F53B51B1E4B10006223A9 /* MYTTests.swift */; };
		B7ADE3721B1E549100AAE842 /* LocationManager.swift in Sources */ = {isa = PBXBuildFile; fileRef = B7ADE3711B1E549100AAE842 /* LocationManager.swift */; };
		B7ADE3751B1E558000AAE842 /* MapKit.framework in Frameworks */ = {isa = PBXBuildFile; fileRef = B7ADE3741B1E558000AAE842 /* MapKit.framework */; };
		B7ADE3771B217B7F00AAE842 /* LocationTracker.swift in Sources */ = {isa = PBXBuildFile; fileRef = B7ADE3761B217B7F00AAE842 /* LocationTracker.swift */; };
/* End PBXBuildFile section */

/* Begin PBXContainerItemProxy section */
		B71F53B01B1E4B10006223A9 /* PBXContainerItemProxy */ = {
			isa = PBXContainerItemProxy;
			containerPortal = B71F53921B1E4B10006223A9 /* Project object */;
			proxyType = 1;
			remoteGlobalIDString = B71F53991B1E4B10006223A9;
			remoteInfo = MYT;
		};
/* End PBXContainerItemProxy section */

/* Begin PBXFileReference section */
		B71F539A1B1E4B10006223A9 /* MYT.app */ = {isa = PBXFileReference; explicitFileType = wrapper.application; includeInIndex = 0; path = MYT.app; sourceTree = BUILT_PRODUCTS_DIR; };
		B71F539E1B1E4B10006223A9 /* Info.plist */ = {isa = PBXFileReference; lastKnownFileType = text.plist.xml; path = Info.plist; sourceTree = "<group>"; };
		B71F539F1B1E4B10006223A9 /* AppDelegate.swift */ = {isa = PBXFileReference; lastKnownFileType = sourcecode.swift; path = AppDelegate.swift; sourceTree = "<group>"; };
		B71F53A11B1E4B10006223A9 /* ViewController.swift */ = {isa = PBXFileReference; lastKnownFileType = sourcecode.swift; path = ViewController.swift; sourceTree = "<group>"; };
		B71F53A41B1E4B10006223A9 /* Base */ = {isa = PBXFileReference; lastKnownFileType = file.storyboard; name = Base; path = Base.lproj/Main.storyboard; sourceTree = "<group>"; };
		B71F53A61B1E4B10006223A9 /* Images.xcassets */ = {isa = PBXFileReference; lastKnownFileType = folder.assetcatalog; path = Images.xcassets; sourceTree = "<group>"; };
		B71F53A91B1E4B10006223A9 /* Base */ = {isa = PBXFileReference; lastKnownFileType = file.xib; name = Base; path = Base.lproj/LaunchScreen.xib; sourceTree = "<group>"; };
		B71F53AF1B1E4B10006223A9 /* MYTTests.xctest */ = {isa = PBXFileReference; explicitFileType = wrapper.cfbundle; includeInIndex = 0; path = MYTTests.xctest; sourceTree = BUILT_PRODUCTS_DIR; };
		B71F53B41B1E4B10006223A9 /* Info.plist */ = {isa = PBXFileReference; lastKnownFileType = text.plist.xml; path = Info.plist; sourceTree = "<group>"; };
		B71F53B51B1E4B10006223A9 /* MYTTests.swift */ = {isa = PBXFileReference; lastKnownFileType = sourcecode.swift; path = MYTTests.swift; sourceTree = "<group>"; };
		B7ADE3711B1E549100AAE842 /* LocationManager.swift */ = {isa = PBXFileReference; fileEncoding = 4; lastKnownFileType = sourcecode.swift; name = LocationManager.swift; path = Libs/LocationManager.swift; sourceTree = "<group>"; };
		B7ADE3741B1E558000AAE842 /* MapKit.framework */ = {isa = PBXFileReference; lastKnownFileType = wrapper.framework; name = MapKit.framework; path = System/Library/Frameworks/MapKit.framework; sourceTree = SDKROOT; };
		B7ADE3761B217B7F00AAE842 /* LocationTracker.swift */ = {isa = PBXFileReference; fileEncoding = 4; lastKnownFileType = sourcecode.swift; name = LocationTracker.swift; path = Libs/LocationTracker.swift; sourceTree = "<group>"; };
/* End PBXFileReference section */

/* Begin PBXFrameworksBuildPhase section */
		B71F53971B1E4B10006223A9 /* Frameworks */ = {
			isa = PBXFrameworksBuildPhase;
			buildActionMask = 2147483647;
			files = (
				B7ADE3751B1E558000AAE842 /* MapKit.framework in Frameworks */,
			);
			runOnlyForDeploymentPostprocessing = 0;
		};
		B71F53AC1B1E4B10006223A9 /* Frameworks */ = {
			isa = PBXFrameworksBuildPhase;
			buildActionMask = 2147483647;
			files = (
			);
			runOnlyForDeploymentPostprocessing = 0;
		};
/* End PBXFrameworksBuildPhase section */

/* Begin PBXGroup section */
		B71F53911B1E4B10006223A9 = {
			isa = PBXGroup;
			children = (
				B71F539C1B1E4B10006223A9 /* MYT */,
				B71F53B21B1E4B10006223A9 /* MYTTests */,
				B71F539B1B1E4B10006223A9 /* Products */,
			);
			sourceTree = "<group>";
		};
		B71F539B1B1E4B10006223A9 /* Products */ = {
			isa = PBXGroup;
			children = (
				B71F539A1B1E4B10006223A9 /* MYT.app */,
				B71F53AF1B1E4B10006223A9 /* MYTTests.xctest */,
			);
			name = Products;
			sourceTree = "<group>";
		};
		B71F539C1B1E4B10006223A9 /* MYT */ = {
			isa = PBXGroup;
			children = (
				B7ADE3731B1E549700AAE842 /* Libs */,
				B71F539F1B1E4B10006223A9 /* AppDelegate.swift */,
				B71F53A11B1E4B10006223A9 /* ViewController.swift */,
				B71F53A31B1E4B10006223A9 /* Main.storyboard */,
				B71F53A61B1E4B10006223A9 /* Images.xcassets */,
				B71F53A81B1E4B10006223A9 /* LaunchScreen.xib */,
				B71F539D1B1E4B10006223A9 /* Supporting Files */,
			);
			path = MYT;
			sourceTree = "<group>";
		};
		B71F539D1B1E4B10006223A9 /* Supporting Files */ = {
			isa = PBXGroup;
			children = (
				B7ADE3741B1E558000AAE842 /* MapKit.framework */,
				B71F539E1B1E4B10006223A9 /* Info.plist */,
			);
			name = "Supporting Files";
			sourceTree = "<group>";
		};
		B71F53B21B1E4B10006223A9 /* MYTTests */ = {
			isa = PBXGroup;
			children = (
				B71F53B51B1E4B10006223A9 /* MYTTests.swift */,
				B71F53B31B1E4B10006223A9 /* Supporting Files */,
			);
			path = MYTTests;
			sourceTree = "<group>";
		};
		B71F53B31B1E4B10006223A9 /* Supporting Files */ = {
			isa = PBXGroup;
			children = (
				B71F53B41B1E4B10006223A9 /* Info.plist */,
			);
			name = "Supporting Files";
			sourceTree = "<group>";
		};
		B7ADE3731B1E549700AAE842 /* Libs */ = {
			isa = PBXGroup;
			children = (
				B7ADE3761B217B7F00AAE842 /* LocationTracker.swift */,
				B7ADE3711B1E549100AAE842 /* LocationManager.swift */,
			);
			name = Libs;
			sourceTree = "<group>";
		};
/* End PBXGroup section */

/* Begin PBXNativeTarget section */
		B71F53991B1E4B10006223A9 /* MYT */ = {
			isa = PBXNativeTarget;
			buildConfigurationList = B71F53B91B1E4B10006223A9 /* Build configuration list for PBXNativeTarget "MYT" */;
			buildPhases = (
				B71F53961B1E4B10006223A9 /* Sources */,
				B71F53971B1E4B10006223A9 /* Frameworks */,
				B71F53981B1E4B10006223A9 /* Resources */,
			);
			buildRules = (
			);
			dependencies = (
			);
			name = MYT;
			productName = MYT;
			productReference = B71F539A1B1E4B10006223A9 /* MYT.app */;
			productType = "com.apple.product-type.application";
		};
		B71F53AE1B1E4B10006223A9 /* MYTTests */ = {
			isa = PBXNativeTarget;
			buildConfigurationList = B71F53BC1B1E4B10006223A9 /* Build configuration list for PBXNativeTarget "MYTTests" */;
			buildPhases = (
				B71F53AB1B1E4B10006223A9 /* Sources */,
				B71F53AC1B1E4B10006223A9 /* Frameworks */,
				B71F53AD1B1E4B10006223A9 /* Resources */,
			);
			buildRules = (
			);
			dependencies = (
				B71F53B11B1E4B10006223A9 /* PBXTargetDependency */,
			);
			name = MYTTests;
			productName = MYTTests;
			productReference = B71F53AF1B1E4B10006223A9 /* MYTTests.xctest */;
			productType = "com.apple.product-type.bundle.unit-test";
		};
/* End PBXNativeTarget section */

/* Begin PBXProject section */
		B71F53921B1E4B10006223A9 /* Project object */ = {
			isa = PBXProject;
			attributes = {
				LastUpgradeCheck = 0630;
				ORGANIZATIONNAME = AwesomeCompany;
				TargetAttributes = {
					B71F53991B1E4B10006223A9 = {
						CreatedOnToolsVersion = 6.3.1;
					};
					B71F53AE1B1E4B10006223A9 = {
						CreatedOnToolsVersion = 6.3.1;
						TestTargetID = B71F53991B1E4B10006223A9;
					};
				};
			};
			buildConfigurationList = B71F53951B1E4B10006223A9 /* Build configuration list for PBXProject "MYT" */;
			compatibilityVersion = "Xcode 3.2";
			developmentRegion = English;
			hasScannedForEncodings = 0;
			knownRegions = (
				en,
				Base,
			);
			mainGroup = B71F53911B1E4B10006223A9;
			productRefGroup = B71F539B1B1E4B10006223A9 /* Products */;
			projectDirPath = "";
			projectRoot = "";
			targets = (
				B71F53991B1E4B10006223A9 /* MYT */,
				B71F53AE1B1E4B10006223A9 /* MYTTests */,
			);
		};
/* End PBXProject section */

/* Begin PBXResourcesBuildPhase section */
		B71F53981B1E4B10006223A9 /* Resources */ = {
			isa = PBXResourcesBuildPhase;
			buildActionMask = 2147483647;
			files = (
				B71F53A51B1E4B10006223A9 /* Main.storyboard in Resources */,
				B71F53AA1B1E4B10006223A9 /* LaunchScreen.xib in Resources */,
				B71F53A71B1E4B10006223A9 /* Images.xcassets in Resources */,
			);
			runOnlyForDeploymentPostprocessing = 0;
		};
		B71F53AD1B1E4B10006223A9 /* Resources */ = {
			isa = PBXResourcesBuildPhase;
			buildActionMask = 2147483647;
			files = (
			);
			runOnlyForDeploymentPostprocessing = 0;
		};
/* End PBXResourcesBuildPhase section */

/* Begin PBXSourcesBuildPhase section */
		B71F53961B1E4B10006223A9 /* Sources */ = {
			isa = PBXSourcesBuildPhase;
			buildActionMask = 2147483647;
			files = (
				B71F53A21B1E4B10006223A9 /* ViewController.swift in Sources */,
				B7ADE3771B217B7F00AAE842 /* LocationTracker.swift in Sources */,
				B71F53A01B1E4B10006223A9 /* AppDelegate.swift in Sources */,
				B7ADE3721B1E549100AAE842 /* LocationManager.swift in Sources */,
			);
			runOnlyForDeploymentPostprocessing = 0;
		};
		B71F53AB1B1E4B10006223A9 /* Sources */ = {
			isa = PBXSourcesBuildPhase;
			buildActionMask = 2147483647;
			files = (
				B71F53B61B1E4B10006223A9 /* MYTTests.swift in Sources */,
			);
			runOnlyForDeploymentPostprocessing = 0;
		};
/* End PBXSourcesBuildPhase section */

/* Begin PBXTargetDependency section */
		B71F53B11B1E4B10006223A9 /* PBXTargetDependency */ = {
			isa = PBXTargetDependency;
			target = B71F53991B1E4B10006223A9 /* MYT */;
			targetProxy = B71F53B01B1E4B10006223A9 /* PBXContainerItemProxy */;
		};
/* End PBXTargetDependency section */

/* Begin PBXVariantGroup section */
		B71F53A31B1E4B10006223A9 /* Main.storyboard */ = {
			isa = PBXVariantGroup;
			children = (
				B71F53A41B1E4B10006223A9 /* Base */,
			);
			name = Main.storyboard;
			sourceTree = "<group>";
		};
		B71F53A81B1E4B10006223A9 /* LaunchScreen.xib */ = {
			isa = PBXVariantGroup;
			children = (
				B71F53A91B1E4B10006223A9 /* Base */,
			);
			name = LaunchScreen.xib;
			sourceTree = "<group>";
		};
/* End PBXVariantGroup section */

/* Begin XCBuildConfiguration section */
		B71F53B71B1E4B10006223A9 /* Debug */ = {
			isa = XCBuildConfiguration;
			buildSettings = {
				ALWAYS_SEARCH_USER_PATHS = NO;
				CLANG_CXX_LANGUAGE_STANDARD = "gnu++0x";
				CLANG_CXX_LIBRARY = "libc++";
				CLANG_ENABLE_MODULES = YES;
				CLANG_ENABLE_OBJC_ARC = YES;
				CLANG_WARN_BOOL_CONVERSION = YES;
				CLANG_WARN_CONSTANT_CONVERSION = YES;
				CLANG_WARN_DIRECT_OBJC_ISA_USAGE = YES_ERROR;
				CLANG_WARN_EMPTY_BODY = YES;
				CLANG_WARN_ENUM_CONVERSION = YES;
				CLANG_WARN_INT_CONVERSION = YES;
				CLANG_WARN_OBJC_ROOT_CLASS = YES_ERROR;
				CLANG_WARN_UNREACHABLE_CODE = YES;
				CLANG_WARN__DUPLICATE_METHOD_MATCH = YES;
				"CODE_SIGN_IDENTITY[sdk=iphoneos*]" = "iPhone Developer";
				COPY_PHASE_STRIP = NO;
				DEBUG_INFORMATION_FORMAT = "dwarf-with-dsym";
				ENABLE_STRICT_OBJC_MSGSEND = YES;
				GCC_C_LANGUAGE_STANDARD = gnu99;
				GCC_DYNAMIC_NO_PIC = NO;
				GCC_NO_COMMON_BLOCKS = YES;
				GCC_OPTIMIZATION_LEVEL = 0;
				GCC_PREPROCESSOR_DEFINITIONS = (
					"DEBUG=1",
					"$(inherited)",
				);
				GCC_SYMBOLS_PRIVATE_EXTERN = NO;
				GCC_WARN_64_TO_32_BIT_CONVERSION = YES;
				GCC_WARN_ABOUT_RETURN_TYPE = YES_ERROR;
				GCC_WARN_UNDECLARED_SELECTOR = YES;
				GCC_WARN_UNINITIALIZED_AUTOS = YES_AGGRESSIVE;
				GCC_WARN_UNUSED_FUNCTION = YES;
				GCC_WARN_UNUSED_VARIABLE = YES;
				IPHONEOS_DEPLOYMENT_TARGET = 8.3;
				MTL_ENABLE_DEBUG_INFO = YES;
				ONLY_ACTIVE_ARCH = YES;
				SDKROOT = iphoneos;
				SWIFT_OPTIMIZATION_LEVEL = "-Onone";
			};
			name = Debug;
		};
		B71F53B81B1E4B10006223A9 /* Release */ = {
			isa = XCBuildConfiguration;
			buildSettings = {
				ALWAYS_SEARCH_USER_PATHS = NO;
				CLANG_CXX_LANGUAGE_STANDARD = "gnu++0x";
				CLANG_CXX_LIBRARY = "libc++";
				CLANG_ENABLE_MODULES = YES;
				CLANG_ENABLE_OBJC_ARC = YES;
				CLANG_WARN_BOOL_CONVERSION = YES;
				CLANG_WARN_CONSTANT_CONVERSION = YES;
				CLANG_WARN_DIRECT_OBJC_ISA_USAGE = YES_ERROR;
				CLANG_WARN_EMPTY_BODY = YES;
				CLANG_WARN_ENUM_CONVERSION = YES;
				CLANG_WARN_INT_CONVERSION = YES;
				CLANG_WARN_OBJC_ROOT_CLASS = YES_ERROR;
				CLANG_WARN_UNREACHABLE_CODE = YES;
				CLANG_WARN__DUPLICATE_METHOD_MATCH = YES;
				"CODE_SIGN_IDENTITY[sdk=iphoneos*]" = "iPhone Developer";
				COPY_PHASE_STRIP = NO;
				DEBUG_INFORMATION_FORMAT = "dwarf-with-dsym";
				ENABLE_NS_ASSERTIONS = NO;
				ENABLE_STRICT_OBJC_MSGSEND = YES;
				GCC_C_LANGUAGE_STANDARD = gnu99;
				GCC_NO_COMMON_BLOCKS = YES;
				GCC_WARN_64_TO_32_BIT_CONVERSION = YES;
				GCC_WARN_ABOUT_RETURN_TYPE = YES_ERROR;
				GCC_WARN_UNDECLARED_SELECTOR = YES;
				GCC_WARN_UNINITIALIZED_AUTOS = YES_AGGRESSIVE;
				GCC_WARN_UNUSED_FUNCTION = YES;
				GCC_WARN_UNUSED_VARIABLE = YES;
				IPHONEOS_DEPLOYMENT_TARGET = 8.3;
				MTL_ENABLE_DEBUG_INFO = NO;
				SDKROOT = iphoneos;
				VALIDATE_PRODUCT = YES;
			};
			name = Release;
		};
		B71F53BA1B1E4B10006223A9 /* Debug */ = {
			isa = XCBuildConfiguration;
			buildSettings = {
				ASSETCATALOG_COMPILER_APPICON_NAME = AppIcon;
				INFOPLIST_FILE = MYT/Info.plist;
				LD_RUNPATH_SEARCH_PATHS = "$(inherited) @executable_path/Frameworks";
				PRODUCT_NAME = "$(TARGET_NAME)";
			};
			name = Debug;
		};
		B71F53BB1B1E4B10006223A9 /* Release */ = {
			isa = XCBuildConfiguration;
			buildSettings = {
				ASSETCATALOG_COMPILER_APPICON_NAME = AppIcon;
				INFOPLIST_FILE = MYT/Info.plist;
				LD_RUNPATH_SEARCH_PATHS = "$(inherited) @executable_path/Frameworks";
				PRODUCT_NAME = "$(TARGET_NAME)";
			};
			name = Release;
		};
		B71F53BD1B1E4B10006223A9 /* Debug */ = {
			isa = XCBuildConfiguration;
			buildSettings = {
				BUNDLE_LOADER = "$(TEST_HOST)";
				FRAMEWORK_SEARCH_PATHS = (
					"$(SDKROOT)/Developer/Library/Frameworks",
					"$(inherited)",
				);
				GCC_PREPROCESSOR_DEFINITIONS = (
					"DEBUG=1",
					"$(inherited)",
				);
				INFOPLIST_FILE = MYTTests/Info.plist;
				LD_RUNPATH_SEARCH_PATHS = "$(inherited) @executable_path/Frameworks @loader_path/Frameworks";
				PRODUCT_NAME = "$(TARGET_NAME)";
				TEST_HOST = "$(BUILT_PRODUCTS_DIR)/MYT.app/MYT";
			};
			name = Debug;
		};
		B71F53BE1B1E4B10006223A9 /* Release */ = {
			isa = XCBuildConfiguration;
			buildSettings = {
				BUNDLE_LOADER = "$(TEST_HOST)";
				FRAMEWORK_SEARCH_PATHS = (
					"$(SDKROOT)/Developer/Library/Frameworks",
					"$(inherited)",
				);
				INFOPLIST_FILE = MYTTests/Info.plist;
				LD_RUNPATH_SEARCH_PATHS = "$(inherited) @executable_path/Frameworks @loader_path/Frameworks";
				PRODUCT_NAME = "$(TARGET_NAME)";
				TEST_HOST = "$(BUILT_PRODUCTS_DIR)/MYT.app/MYT";
			};
			name = Release;
		};
/* End XCBuildConfiguration section */

/* Begin XCConfigurationList section */
		B71F53951B1E4B10006223A9 /* Build configuration list for PBXProject "MYT" */ = {
			isa = XCConfigurationList;
			buildConfigurations = (
				B71F53B71B1E4B10006223A9 /* Debug */,
				B71F53B81B1E4B10006223A9 /* Release */,
			);
			defaultConfigurationIsVisible = 0;
			defaultConfigurationName = Release;
		};
		B71F53B91B1E4B10006223A9 /* Build configuration list for PBXNativeTarget "MYT" */ = {
			isa = XCConfigurationList;
			buildConfigurations = (
				B71F53BA1B1E4B10006223A9 /* Debug */,
				B71F53BB1B1E4B10006223A9 /* Release */,
			);
			defaultConfigurationIsVisible = 0;
			defaultConfigurationName = Release;
		};
		B71F53BC1B1E4B10006223A9 /* Build configuration list for PBXNativeTarget "MYTTests" */ = {
			isa = XCConfigurationList;
			buildConfigurations = (
				B71F53BD1B1E4B10006223A9 /* Debug */,
				B71F53BE1B1E4B10006223A9 /* Release */,
			);
			defaultConfigurationIsVisible = 0;
			defaultConfigurationName = Release;
		};
/* End XCConfigurationList section */
	};
	rootObject = B71F53921B1E4B10006223A9 /* Project object */;
}
